
Microsoft Visual Studio Solution File, Format Version 12.00
# Visual Studio Version 16
VisualStudioVersion = 16.0.808.0
MinimumVisualStudioVersion = 10.0.40219.1
Project("{FAE04EC0-301F-11D3-BF4B-00C04F79EFBC}") = "InterestRatesApi", "InterestRatesApi\InterestRatesApi.csproj", "{816546D5-9BAC-4D5E-8280-F1736C807682}"
EndProject
Project("{FAE04EC0-301F-11D3-BF4B-00C04F79EFBC}") = "CalculateInterestApi", "CalculateInterestApi\CalculateInterestApi.csproj", "{1514C20C-F49F-4EEC-A60C-58729B021072}"
EndProject
Project("{FAE04EC0-301F-11D3-BF4B-00C04F79EFBC}") = "InterestRates.Tests", "InterestRates.Tests\InterestRates.Tests.csproj", "{574731BC-CAAF-4C82-B13E-E85734BF60BF}"
EndProject
Global
	GlobalSection(SolutionConfigurationPlatforms) = preSolution
		Debug|Any CPU = Debug|Any CPU
		Release|Any CPU = Release|Any CPU
	EndGlobalSection
	GlobalSection(ProjectConfigurationPlatforms) = postSolution
		{816546D5-9BAC-4D5E-8280-F1736C807682}.Debug|Any CPU.ActiveCfg = Debug|Any CPU
		{816546D5-9BAC-4D5E-8280-F1736C807682}.Debug|Any CPU.Build.0 = Debug|Any CPU
		{816546D5-9BAC-4D5E-8280-F1736C807682}.Release|Any CPU.ActiveCfg = Release|Any CPU
		{816546D5-9BAC-4D5E-8280-F1736C807682}.Release|Any CPU.Build.0 = Release|Any CPU
		{1514C20C-F49F-4EEC-A60C-58729B021072}.Debug|Any CPU.ActiveCfg = Debug|Any CPU
		{1514C20C-F49F-4EEC-A60C-58729B021072}.Debug|Any CPU.Build.0 = Debug|Any CPU
		{1514C20C-F49F-4EEC-A60C-58729B021072}.Release|Any CPU.ActiveCfg = Release|Any CPU
		{1514C20C-F49F-4EEC-A60C-58729B021072}.Release|Any CPU.Build.0 = Release|Any CPU
		{574731BC-CAAF-4C82-B13E-E85734BF60BF}.Debug|Any CPU.ActiveCfg = Debug|Any CPU
		{574731BC-CAAF-4C82-B13E-E85734BF60BF}.Debug|Any CPU.Build.0 = Debug|Any CPU
		{574731BC-CAAF-4C82-B13E-E85734BF60BF}.Release|Any CPU.ActiveCfg = Release|Any CPU
		{574731BC-CAAF-4C82-B13E-E85734BF60BF}.Release|Any CPU.Build.0 = Release|Any CPU
	EndGlobalSection
	GlobalSection(SolutionProperties) = preSolution
		HideSolutionNode = FALSE
	EndGlobalSection
	GlobalSection(ExtensibilityGlobals) = postSolution
		SolutionGuid = {FF56E68A-DC7B-4A44-8154-9626B57568A5}
	EndGlobalSection
EndGlobal
